
Microsoft Visual Studio Solution File, Format Version 12.00
# Visual Studio Version 17
VisualStudioVersion = 17.10.35013.160
MinimumVisualStudioVersion = 10.0.40219.1
Project("{FAE04EC0-301F-11D3-BF4B-00C04F79EFBC}") = "ConnectingToSql", "ConnectingToSql\ConnectingToSql.csproj", "{6E55887A-6627-4B13-80E9-482E85F583DC}"
EndProject
Global
	GlobalSection(SolutionConfigurationPlatforms) = preSolution
		Debug|Any CPU = Debug|Any CPU
		Release|Any CPU = Release|Any CPU
	EndGlobalSection
	GlobalSection(ProjectConfigurationPlatforms) = postSolution
		{6E55887A-6627-4B13-80E9-482E85F583DC}.Debug|Any CPU.ActiveCfg = Debug|Any CPU
		{6E55887A-6627-4B13-80E9-482E85F583DC}.Debug|Any CPU.Build.0 = Debug|Any CPU
		{6E55887A-6627-4B13-80E9-482E85F583DC}.Release|Any CPU.ActiveCfg = Release|Any CPU
		{6E55887A-6627-4B13-80E9-482E85F583DC}.Release|Any CPU.Build.0 = Release|Any CPU
	EndGlobalSection
	GlobalSection(SolutionProperties) = preSolution
		HideSolutionNode = FALSE
	EndGlobalSection
	GlobalSection(ExtensibilityGlobals) = postSolution
		SolutionGuid = {C152FF1D-8D0D-4442-A764-EA68CDEBADBA}
	EndGlobalSection
EndGlobal
